<?xml version="1.0" encoding="utf-8"?>
<Project ToolsVersion="4.0" xmlns="http://schemas.microsoft.com/developer/msbuild/2003">
  <ItemGroup>
    <Filter Include="源文件">
      <UniqueIdentifier>{4FC737F1-C7A5-4376-A066-2A32D752A2FF}</UniqueIdentifier>
      <Extensions>cpp;c;cc;cxx;def;odl;idl;hpj;bat;asm;asmx</Extensions>
    </Filter>
    <Filter Include="头文件">
      <UniqueIdentifier>{93995380-89BD-4b04-88EB-625FBE52EBFB}</UniqueIdentifier>
      <Extensions>h;hpp;hxx;hm;inl;inc;xsd</Extensions>
    </Filter>
    <Filter Include="资源文件">
      <UniqueIdentifier>{67DA6AB6-F800-4c08-8B7A-83BB121AAD01}</UniqueIdentifier>
      <Extensions>rc;ico;cur;bmp;dlg;rc2;rct;bin;rgs;gif;jpg;jpeg;jpe;resx;tiff;tif;png;wav</Extensions>
    </Filter>
  </ItemGroup>
  <ItemGroup>
    <ClCompile Include="chessDlg.cpp">
      <Filter>源文件</Filter>
    </ClCompile>
    <ClCompile Include="stdafx.cpp">
      <Filter>源文件</Filter>
    </ClCompile>
    <ClCompile Include="chess.cpp">
      <Filter>源文件</Filter>
    </ClCompile>
  </ItemGroup>
  <ItemGroup>
    <ClInclude Include="chessbase.h">
      <Filter>头文件</Filter>
    </ClInclude>
    <ClInclude Include="chessDlg.h">
      <Filter>头文件</Filter>
    </ClInclude>
    <ClInclude Include="Resource.h">
      <Filter>头文件</Filter>
    </ClInclude>
    <ClInclude Include="stdafx.h">
      <Filter>头文件</Filter>
    </ClInclude>
    <ClInclude Include="targetver.h">
      <Filter>头文件</Filter>
    </ClInclude>
  </ItemGroup>
  <ItemGroup>
    <None Include="res\chess.ico">
      <Filter>资源文件</Filter>
    </None>
    <None Include="res\chess.rc2">
      <Filter>资源文件</Filter>
    </None>
    <None Include="res\chessboard.bmp">
      <Filter>资源文件</Filter>
    </None>
    <None Include="ReadMe.txt" />
    <None Include="res\黑车.bmp">
      <Filter>资源文件</Filter>
    </None>
    <None Include="res\黑将.bmp">
      <Filter>资源文件</Filter>
    </None>
    <None Include="res\黑马.bmp">
      <Filter>资源文件</Filter>
    </None>
    <None Include="res\黑炮.bmp">
      <Filter>资源文件</Filter>
    </None>
    <None Include="res\黑士.bmp">
      <Filter>资源文件</Filter>
    </None>
    <None Include="res\黑象.bmp">
      <Filter>资源文件</Filter>
    </None>
    <None Include="res\黑卒.bmp">
      <Filter>资源文件</Filter>
    </None>
    <None Include="res\红兵.bmp">
      <Filter>资源文件</Filter>
    </None>
    <None Include="res\红车.bmp">
      <Filter>资源文件</Filter>
    </None>
    <None Include="res\红马.bmp">
      <Filter>资源文件</Filter>
    </None>
    <None Include="res\红炮.bmp">
      <Filter>资源文件</Filter>
    </None>
    <None Include="res\红帅.bmp">
      <Filter>资源文件</Filter>
    </None>
    <None Include="res\红相.bmp">
      <Filter>资源文件</Filter>
    </None>
    <None Include="res\红仕.bmp">
      <Filter>资源文件</Filter>
    </None>
    <None Include="res\CHOOSE.bmp">
      <Filter>资源文件</Filter>
    </None>
  </ItemGroup>
  <ItemGroup>
    <ResourceCompile Include="chess.rc">
      <Filter>资源文件</Filter>
    </ResourceCompile>
  </ItemGroup>
</Project>